// !$*UTF8*$!
{
	archiveVersion = 1;
	classes = {
	};
	objectVersion = 56;
	objects = {

/* Begin PBXBuildFile section */
		F101F46F2B3E594700DB26DE /* MicrophoneApp.swift in Sources */ = {isa = PBXBuildFile; fileRef = F101F46E2B3E594700DB26DE /* MicrophoneApp.swift */; };
		F101F4732B3E594800DB26DE /* Assets.xcassets in Resources */ = {isa = PBXBuildFile; fileRef = F101F4722B3E594800DB26DE /* Assets.xcassets */; };
		F101F4762B3E594800DB26DE /* Preview Assets.xcassets in Resources */ = {isa = PBXBuildFile; fileRef = F101F4752B3E594800DB26DE /* Preview Assets.xcassets */; };
		F101F47F2B3E59CD00DB26DE /* global-disable-mic.scpt in Resources */ = {isa = PBXBuildFile; fileRef = F101F47D2B3E59CD00DB26DE /* global-disable-mic.scpt */; };
		F101F4802B3E59CD00DB26DE /* global-enable-mic.scpt in Resources */ = {isa = PBXBuildFile; fileRef = F101F47E2B3E59CD00DB26DE /* global-enable-mic.scpt */; };
/* End PBXBuildFile section */

/* Begin PBXFileReference section */
		F101F46B2B3E594700DB26DE /* Microphone.app */ = {isa = PBXFileReference; explicitFileType = wrapper.application; includeInIndex = 0; path = Microphone.app; sourceTree = BUILT_PRODUCTS_DIR; };
		F101F46E2B3E594700DB26DE /* MicrophoneApp.swift */ = {isa = PBXFileReference; lastKnownFileType = sourcecode.swift; path = MicrophoneApp.swift; sourceTree = "<group>"; };
		F101F4722B3E594800DB26DE /* Assets.xcassets */ = {isa = PBXFileReference; lastKnownFileType = folder.assetcatalog; path = Assets.xcassets; sourceTree = "<group>"; };
		F101F4752B3E594800DB26DE /* Preview Assets.xcassets */ = {isa = PBXFileReference; lastKnownFileType = folder.assetcatalog; path = "Preview Assets.xcassets"; sourceTree = "<group>"; };
		F101F4772B3E594800DB26DE /* Microphone.entitlements */ = {isa = PBXFileReference; lastKnownFileType = text.plist.entitlements; path = Microphone.entitlements; sourceTree = "<group>"; };
		F101F47D2B3E59CD00DB26DE /* global-disable-mic.scpt */ = {isa = PBXFileReference; fileEncoding = 4; lastKnownFileType = text; path = "global-disable-mic.scpt"; sourceTree = "<group>"; };
		F101F47E2B3E59CD00DB26DE /* global-enable-mic.scpt */ = {isa = PBXFileReference; fileEncoding = 4; lastKnownFileType = text; path = "global-enable-mic.scpt"; sourceTree = "<group>"; };
/* End PBXFileReference section */

/* Begin PBXFrameworksBuildPhase section */
		F101F4682B3E594700DB26DE /* Frameworks */ = {
			isa = PBXFrameworksBuildPhase;
			buildActionMask = 2147483647;
			files = (
			);
			runOnlyForDeploymentPostprocessing = 0;
		};
/* End PBXFrameworksBuildPhase section */

/* Begin PBXGroup section */
		F101F4622B3E594700DB26DE = {
			isa = PBXGroup;
			children = (
				F101F46D2B3E594700DB26DE /* Microphone */,
				F101F46C2B3E594700DB26DE /* Products */,
			);
			sourceTree = "<group>";
		};
		F101F46C2B3E594700DB26DE /* Products */ = {
			isa = PBXGroup;
			children = (
				F101F46B2B3E594700DB26DE /* Microphone.app */,
			);
			name = Products;
			sourceTree = "<group>";
		};
		F101F46D2B3E594700DB26DE /* Microphone */ = {
			isa = PBXGroup;
			children = (
				F101F47D2B3E59CD00DB26DE /* global-disable-mic.scpt */,
				F101F47E2B3E59CD00DB26DE /* global-enable-mic.scpt */,
				F101F46E2B3E594700DB26DE /* MicrophoneApp.swift */,
				F101F4722B3E594800DB26DE /* Assets.xcassets */,
				F101F4772B3E594800DB26DE /* Microphone.entitlements */,
				F101F4742B3E594800DB26DE /* Preview Content */,
			);
			path = Microphone;
			sourceTree = "<group>";
		};
		F101F4742B3E594800DB26DE /* Preview Content */ = {
			isa = PBXGroup;
			children = (
				F101F4752B3E594800DB26DE /* Preview Assets.xcassets */,
			);
			path = "Preview Content";
			sourceTree = "<group>";
		};
/* End PBXGroup section */

/* Begin PBXNativeTarget section */
		F101F46A2B3E594700DB26DE /* Microphone */ = {
			isa = PBXNativeTarget;
			buildConfigurationList = F101F47A2B3E594800DB26DE /* Build configuration list for PBXNativeTarget "Microphone" */;
			buildPhases = (
				F101F4672B3E594700DB26DE /* Sources */,
				F101F4682B3E594700DB26DE /* Frameworks */,
				F101F4692B3E594700DB26DE /* Resources */,
			);
			buildRules = (
			);
			dependencies = (
			);
			name = Microphone;
			productName = Microphone;
			productReference = F101F46B2B3E594700DB26DE /* Microphone.app */;
			productType = "com.apple.product-type.application";
		};
/* End PBXNativeTarget section */

/* Begin PBXProject section */
		F101F4632B3E594700DB26DE /* Project object */ = {
			isa = PBXProject;
			attributes = {
				BuildIndependentTargetsInParallel = 1;
				LastSwiftUpdateCheck = 1420;
				LastUpgradeCheck = 1420;
				TargetAttributes = {
					F101F46A2B3E594700DB26DE = {
						CreatedOnToolsVersion = 14.2;
					};
				};
			};
			buildConfigurationList = F101F4662B3E594700DB26DE /* Build configuration list for PBXProject "Microphone" */;
			compatibilityVersion = "Xcode 14.0";
			developmentRegion = en;
			hasScannedForEncodings = 0;
			knownRegions = (
				en,
				Base,
			);
			mainGroup = F101F4622B3E594700DB26DE;
			productRefGroup = F101F46C2B3E594700DB26DE /* Products */;
			projectDirPath = "";
			projectRoot = "";
			targets = (
				F101F46A2B3E594700DB26DE /* Microphone */,
			);
		};
/* End PBXProject section */

/* Begin PBXResourcesBuildPhase section */
		F101F4692B3E594700DB26DE /* Resources */ = {
			isa = PBXResourcesBuildPhase;
			buildActionMask = 2147483647;
			files = (
				F101F4762B3E594800DB26DE /* Preview Assets.xcassets in Resources */,
				F101F4802B3E59CD00DB26DE /* global-enable-mic.scpt in Resources */,
				F101F47F2B3E59CD00DB26DE /* global-disable-mic.scpt in Resources */,
				F101F4732B3E594800DB26DE /* Assets.xcassets in Resources */,
			);
			runOnlyForDeploymentPostprocessing = 0;
		};
/* End PBXResourcesBuildPhase section */

/* Begin PBXSourcesBuildPhase section */
		F101F4672B3E594700DB26DE /* Sources */ = {
			isa = PBXSourcesBuildPhase;
			buildActionMask = 2147483647;
			files = (
				F101F46F2B3E594700DB26DE /* MicrophoneApp.swift in Sources */,
			);
			runOnlyForDeploymentPostprocessing = 0;
		};
/* End PBXSourcesBuildPhase section */

/* Begin XCBuildConfiguration section */
		F101F4782B3E594800DB26DE /* Debug */ = {
			isa = XCBuildConfiguration;
			buildSettings = {
				ALWAYS_SEARCH_USER_PATHS = NO;
				CLANG_ANALYZER_NONNULL = YES;
				CLANG_ANALYZER_NUMBER_OBJECT_CONVERSION = YES_AGGRESSIVE;
				CLANG_CXX_LANGUAGE_STANDARD = "gnu++20";
				CLANG_ENABLE_MODULES = YES;
				CLANG_ENABLE_OBJC_ARC = YES;
				CLANG_ENABLE_OBJC_WEAK = YES;
				CLANG_WARN_BLOCK_CAPTURE_AUTORELEASING = YES;
				CLANG_WARN_BOOL_CONVERSION = YES;
				CLANG_WARN_COMMA = YES;
				CLANG_WARN_CONSTANT_CONVERSION = YES;
				CLANG_WARN_DEPRECATED_OBJC_IMPLEMENTATIONS = YES;
				CLANG_WARN_DIRECT_OBJC_ISA_USAGE = YES_ERROR;
				CLANG_WARN_DOCUMENTATION_COMMENTS = YES;
				CLANG_WARN_EMPTY_BODY = YES;
				CLANG_WARN_ENUM_CONVERSION = YES;
				CLANG_WARN_INFINITE_RECURSION = YES;
				CLANG_WARN_INT_CONVERSION = YES;
				CLANG_WARN_NON_LITERAL_NULL_CONVERSION = YES;
				CLANG_WARN_OBJC_IMPLICIT_RETAIN_SELF = YES;
				CLANG_WARN_OBJC_LITERAL_CONVERSION = YES;
				CLANG_WARN_OBJC_ROOT_CLASS = YES_ERROR;
				CLANG_WARN_QUOTED_INCLUDE_IN_FRAMEWORK_HEADER = YES;
				CLANG_WARN_RANGE_LOOP_ANALYSIS = YES;
				CLANG_WARN_STRICT_PROTOTYPES = YES;
				CLANG_WARN_SUSPICIOUS_MOVE = YES;
				CLANG_WARN_UNGUARDED_AVAILABILITY = YES_AGGRESSIVE;
				CLANG_WARN_UNREACHABLE_CODE = YES;
				CLANG_WARN__DUPLICATE_METHOD_MATCH = YES;
				COPY_PHASE_STRIP = NO;
				DEBUG_INFORMATION_FORMAT = dwarf;
				ENABLE_STRICT_OBJC_MSGSEND = YES;
				ENABLE_TESTABILITY = YES;
				GCC_C_LANGUAGE_STANDARD = gnu11;
				GCC_DYNAMIC_NO_PIC = NO;
				GCC_NO_COMMON_BLOCKS = YES;
				GCC_OPTIMIZATION_LEVEL = 0;
				GCC_PREPROCESSOR_DEFINITIONS = (
					"DEBUG=1",
					"$(inherited)",
				);
				GCC_WARN_64_TO_32_BIT_CONVERSION = YES;
				GCC_WARN_ABOUT_RETURN_TYPE = YES_ERROR;
				GCC_WARN_UNDECLARED_SELECTOR = YES;
				GCC_WARN_UNINITIALIZED_AUTOS = YES_AGGRESSIVE;
				GCC_WARN_UNUSED_FUNCTION = YES;
				GCC_WARN_UNUSED_VARIABLE = YES;
				MACOSX_DEPLOYMENT_TARGET = 13.1;
				MTL_ENABLE_DEBUG_INFO = INCLUDE_SOURCE;
				MTL_FAST_MATH = YES;
				ONLY_ACTIVE_ARCH = YES;
				SDKROOT = macosx;
				SWIFT_ACTIVE_COMPILATION_CONDITIONS = DEBUG;
				SWIFT_OPTIMIZATION_LEVEL = "-Onone";
			};
			name = Debug;
		};
		F101F4792B3E594800DB26DE /* Release */ = {
			isa = XCBuildConfiguration;
			buildSettings = {
				ALWAYS_SEARCH_USER_PATHS = NO;
				CLANG_ANALYZER_NONNULL = YES;
				CLANG_ANALYZER_NUMBER_OBJECT_CONVERSION = YES_AGGRESSIVE;
				CLANG_CXX_LANGUAGE_STANDARD = "gnu++20";
				CLANG_ENABLE_MODULES = YES;
				CLANG_ENABLE_OBJC_ARC = YES;
				CLANG_ENABLE_OBJC_WEAK = YES;
				CLANG_WARN_BLOCK_CAPTURE_AUTORELEASING = YES;
				CLANG_WARN_BOOL_CONVERSION = YES;
				CLANG_WARN_COMMA = YES;
				CLANG_WARN_CONSTANT_CONVERSION = YES;
				CLANG_WARN_DEPRECATED_OBJC_IMPLEMENTATIONS = YES;
				CLANG_WARN_DIRECT_OBJC_ISA_USAGE = YES_ERROR;
				CLANG_WARN_DOCUMENTATION_COMMENTS = YES;
				CLANG_WARN_EMPTY_BODY = YES;
				CLANG_WARN_ENUM_CONVERSION = YES;
				CLANG_WARN_INFINITE_RECURSION = YES;
				CLANG_WARN_INT_CONVERSION = YES;
				CLANG_WARN_NON_LITERAL_NULL_CONVERSION = YES;
				CLANG_WARN_OBJC_IMPLICIT_RETAIN_SELF = YES;
				CLANG_WARN_OBJC_LITERAL_CONVERSION = YES;
				CLANG_WARN_OBJC_ROOT_CLASS = YES_ERROR;
				CLANG_WARN_QUOTED_INCLUDE_IN_FRAMEWORK_HEADER = YES;
				CLANG_WARN_RANGE_LOOP_ANALYSIS = YES;
				CLANG_WARN_STRICT_PROTOTYPES = YES;
				CLANG_WARN_SUSPICIOUS_MOVE = YES;
				CLANG_WARN_UNGUARDED_AVAILABILITY = YES_AGGRESSIVE;
				CLANG_WARN_UNREACHABLE_CODE = YES;
				CLANG_WARN__DUPLICATE_METHOD_MATCH = YES;
				COPY_PHASE_STRIP = NO;
				DEBUG_INFORMATION_FORMAT = "dwarf-with-dsym";
				ENABLE_NS_ASSERTIONS = NO;
				ENABLE_STRICT_OBJC_MSGSEND = YES;
				GCC_C_LANGUAGE_STANDARD = gnu11;
				GCC_NO_COMMON_BLOCKS = YES;
				GCC_WARN_64_TO_32_BIT_CONVERSION = YES;
				GCC_WARN_ABOUT_RETURN_TYPE = YES_ERROR;
				GCC_WARN_UNDECLARED_SELECTOR = YES;
				GCC_WARN_UNINITIALIZED_AUTOS = YES_AGGRESSIVE;
				GCC_WARN_UNUSED_FUNCTION = YES;
				GCC_WARN_UNUSED_VARIABLE = YES;
				MACOSX_DEPLOYMENT_TARGET = 13.1;
				MTL_ENABLE_DEBUG_INFO = NO;
				MTL_FAST_MATH = YES;
				SDKROOT = macosx;
				SWIFT_COMPILATION_MODE = wholemodule;
				SWIFT_OPTIMIZATION_LEVEL = "-O";
			};
			name = Release;
		};
		F101F47B2B3E594800DB26DE /* Debug */ = {
			isa = XCBuildConfiguration;
			buildSettings = {
				ASSETCATALOG_COMPILER_APPICON_NAME = AppIcon;
				ASSETCATALOG_COMPILER_GLOBAL_ACCENT_COLOR_NAME = AccentColor;
				CODE_SIGN_ENTITLEMENTS = Microphone/Microphone.entitlements;
				CODE_SIGN_STYLE = Automatic;
				COMBINE_HIDPI_IMAGES = YES;
				CURRENT_PROJECT_VERSION = 1;
				DEVELOPMENT_ASSET_PATHS = "\"Microphone/Preview Content\"";
				ENABLE_PREVIEWS = YES;
				GENERATE_INFOPLIST_FILE = YES;
				INFOPLIST_KEY_LSUIElement = YES;
				INFOPLIST_KEY_NSHumanReadableCopyright = "";
				LD_RUNPATH_SEARCH_PATHS = (
					"$(inherited)",
					"@executable_path/../Frameworks",
				);
				MARKETING_VERSION = 1.0;
				PRODUCT_BUNDLE_IDENTIFIER = my.Microphone;
				PRODUCT_NAME = "$(TARGET_NAME)";
				SWIFT_EMIT_LOC_STRINGS = YES;
				SWIFT_VERSION = 5.0;
			};
			name = Debug;
		};
		F101F47C2B3E594800DB26DE /* Release */ = {
			isa = XCBuildConfiguration;
			buildSettings = {
				ASSETCATALOG_COMPILER_APPICON_NAME = AppIcon;
				ASSETCATALOG_COMPILER_GLOBAL_ACCENT_COLOR_NAME = AccentColor;
				CODE_SIGN_ENTITLEMENTS = Microphone/Microphone.entitlements;
				CODE_SIGN_STYLE = Automatic;
				COMBINE_HIDPI_IMAGES = YES;
				CURRENT_PROJECT_VERSION = 1;
				DEVELOPMENT_ASSET_PATHS = "\"Microphone/Preview Content\"";
				ENABLE_PREVIEWS = YES;
				GENERATE_INFOPLIST_FILE = YES;
				INFOPLIST_KEY_LSUIElement = YES;
				INFOPLIST_KEY_NSHumanReadableCopyright = "";
				LD_RUNPATH_SEARCH_PATHS = (
					"$(inherited)",
					"@executable_path/../Frameworks",
				);
				MARKETING_VERSION = 1.0;
				PRODUCT_BUNDLE_IDENTIFIER = my.Microphone;
				PRODUCT_NAME = "$(TARGET_NAME)";
				SWIFT_EMIT_LOC_STRINGS = YES;
				SWIFT_VERSION = 5.0;
			};
			name = Release;
		};
/* End XCBuildConfiguration section */

/* Begin XCConfigurationList section */
		F101F4662B3E594700DB26DE /* Build configuration list for PBXProject "Microphone" */ = {
			isa = XCConfigurationList;
			buildConfigurations = (
				F101F4782B3E594800DB26DE /* Debug */,
				F101F4792B3E594800DB26DE /* Release */,
			);
			defaultConfigurationIsVisible = 0;
			defaultConfigurationName = Release;
		};
		F101F47A2B3E594800DB26DE /* Build configuration list for PBXNativeTarget "Microphone" */ = {
			isa = XCConfigurationList;
			buildConfigurations = (
				F101F47B2B3E594800DB26DE /* Debug */,
				F101F47C2B3E594800DB26DE /* Release */,
			);
			defaultConfigurationIsVisible = 0;
			defaultConfigurationName = Release;
		};
/* End XCConfigurationList section */
	};
	rootObject = F101F4632B3E594700DB26DE /* Project object */;
}
